
Microsoft Visual Studio Solution File, Format Version 12.00
# Visual Studio Version 16
VisualStudioVersion = 16.0.29215.179
MinimumVisualStudioVersion = 10.0.40219.1
Project("{FAE04EC0-301F-11D3-BF4B-00C04F79EFBC}") = "SudokuSolver.Android", "SudokuSolver\SudokuSolver.Android\SudokuSolver.Android.csproj", "{666E624E-AF9C-4E89-B45C-0A193DD68402}"
EndProject
Project("{FAE04EC0-301F-11D3-BF4B-00C04F79EFBC}") = "SudokuSolver.iOS", "SudokuSolver\SudokuSolver.iOS\SudokuSolver.iOS.csproj", "{157519C8-8BD0-47EC-A774-81E75CC6AFA5}"
EndProject
Project("{FAE04EC0-301F-11D3-BF4B-00C04F79EFBC}") = "SudokuSolver", "SudokuSolver\SudokuSolver\SudokuSolver.csproj", "{A89912AB-D17D-4F0D-BBF7-51220C9B9628}"
EndProject
Global
	GlobalSection(SolutionConfigurationPlatforms) = preSolution
		Debug|Any CPU = Debug|Any CPU
		Debug|iPhone = Debug|iPhone
		Debug|iPhoneSimulator = Debug|iPhoneSimulator
		Release|Any CPU = Release|Any CPU
		Release|iPhone = Release|iPhone
		Release|iPhoneSimulator = Release|iPhoneSimulator
	EndGlobalSection
	GlobalSection(ProjectConfigurationPlatforms) = postSolution
		{666E624E-AF9C-4E89-B45C-0A193DD68402}.Debug|Any CPU.ActiveCfg = Debug|Any CPU
		{666E624E-AF9C-4E89-B45C-0A193DD68402}.Debug|Any CPU.Build.0 = Debug|Any CPU
		{666E624E-AF9C-4E89-B45C-0A193DD68402}.Debug|Any CPU.Deploy.0 = Debug|Any CPU
		{666E624E-AF9C-4E89-B45C-0A193DD68402}.Debug|iPhone.ActiveCfg = Debug|Any CPU
		{666E624E-AF9C-4E89-B45C-0A193DD68402}.Debug|iPhone.Build.0 = Debug|Any CPU
		{666E624E-AF9C-4E89-B45C-0A193DD68402}.Debug|iPhone.Deploy.0 = Debug|Any CPU
		{666E624E-AF9C-4E89-B45C-0A193DD68402}.Debug|iPhoneSimulator.ActiveCfg = Debug|Any CPU
		{666E624E-AF9C-4E89-B45C-0A193DD68402}.Debug|iPhoneSimulator.Build.0 = Debug|Any CPU
		{666E624E-AF9C-4E89-B45C-0A193DD68402}.Debug|iPhoneSimulator.Deploy.0 = Debug|Any CPU
		{666E624E-AF9C-4E89-B45C-0A193DD68402}.Release|Any CPU.ActiveCfg = Release|Any CPU
		{666E624E-AF9C-4E89-B45C-0A193DD68402}.Release|Any CPU.Build.0 = Release|Any CPU
		{666E624E-AF9C-4E89-B45C-0A193DD68402}.Release|Any CPU.Deploy.0 = Release|Any CPU
		{666E624E-AF9C-4E89-B45C-0A193DD68402}.Release|iPhone.ActiveCfg = Release|Any CPU
		{666E624E-AF9C-4E89-B45C-0A193DD68402}.Release|iPhone.Build.0 = Release|Any CPU
		{666E624E-AF9C-4E89-B45C-0A193DD68402}.Release|iPhone.Deploy.0 = Release|Any CPU
		{666E624E-AF9C-4E89-B45C-0A193DD68402}.Release|iPhoneSimulator.ActiveCfg = Release|Any CPU
		{666E624E-AF9C-4E89-B45C-0A193DD68402}.Release|iPhoneSimulator.Build.0 = Release|Any CPU
		{666E624E-AF9C-4E89-B45C-0A193DD68402}.Release|iPhoneSimulator.Deploy.0 = Release|Any CPU
		{157519C8-8BD0-47EC-A774-81E75CC6AFA5}.Debug|Any CPU.ActiveCfg = Debug|iPhoneSimulator
		{157519C8-8BD0-47EC-A774-81E75CC6AFA5}.Debug|Any CPU.Build.0 = Debug|iPhoneSimulator
		{157519C8-8BD0-47EC-A774-81E75CC6AFA5}.Debug|Any CPU.Deploy.0 = Debug|iPhoneSimulator
		{157519C8-8BD0-47EC-A774-81E75CC6AFA5}.Debug|iPhone.ActiveCfg = Debug|iPhone
		{157519C8-8BD0-47EC-A774-81E75CC6AFA5}.Debug|iPhone.Build.0 = Debug|iPhone
		{157519C8-8BD0-47EC-A774-81E75CC6AFA5}.Debug|iPhone.Deploy.0 = Debug|iPhone
		{157519C8-8BD0-47EC-A774-81E75CC6AFA5}.Debug|iPhoneSimulator.ActiveCfg = Debug|iPhoneSimulator
		{157519C8-8BD0-47EC-A774-81E75CC6AFA5}.Debug|iPhoneSimulator.Build.0 = Debug|iPhoneSimulator
		{157519C8-8BD0-47EC-A774-81E75CC6AFA5}.Debug|iPhoneSimulator.Deploy.0 = Debug|iPhoneSimulator
		{157519C8-8BD0-47EC-A774-81E75CC6AFA5}.Release|Any CPU.ActiveCfg = Release|iPhone
		{157519C8-8BD0-47EC-A774-81E75CC6AFA5}.Release|Any CPU.Build.0 = Release|iPhone
		{157519C8-8BD0-47EC-A774-81E75CC6AFA5}.Release|Any CPU.Deploy.0 = Release|iPhone
		{157519C8-8BD0-47EC-A774-81E75CC6AFA5}.Release|iPhone.ActiveCfg = Release|iPhone
		{157519C8-8BD0-47EC-A774-81E75CC6AFA5}.Release|iPhone.Build.0 = Release|iPhone
		{157519C8-8BD0-47EC-A774-81E75CC6AFA5}.Release|iPhone.Deploy.0 = Release|iPhone
		{157519C8-8BD0-47EC-A774-81E75CC6AFA5}.Release|iPhoneSimulator.ActiveCfg = Release|iPhoneSimulator
		{157519C8-8BD0-47EC-A774-81E75CC6AFA5}.Release|iPhoneSimulator.Build.0 = Release|iPhoneSimulator
		{157519C8-8BD0-47EC-A774-81E75CC6AFA5}.Release|iPhoneSimulator.Deploy.0 = Release|iPhoneSimulator
		{A89912AB-D17D-4F0D-BBF7-51220C9B9628}.Debug|Any CPU.ActiveCfg = Debug|Any CPU
		{A89912AB-D17D-4F0D-BBF7-51220C9B9628}.Debug|Any CPU.Build.0 = Debug|Any CPU
		{A89912AB-D17D-4F0D-BBF7-51220C9B9628}.Debug|Any CPU.Deploy.0 = Debug|Any CPU
		{A89912AB-D17D-4F0D-BBF7-51220C9B9628}.Debug|iPhone.ActiveCfg = Debug|Any CPU
		{A89912AB-D17D-4F0D-BBF7-51220C9B9628}.Debug|iPhone.Build.0 = Debug|Any CPU
		{A89912AB-D17D-4F0D-BBF7-51220C9B9628}.Debug|iPhone.Deploy.0 = Debug|Any CPU
		{A89912AB-D17D-4F0D-BBF7-51220C9B9628}.Debug|iPhoneSimulator.ActiveCfg = Debug|Any CPU
		{A89912AB-D17D-4F0D-BBF7-51220C9B9628}.Debug|iPhoneSimulator.Build.0 = Debug|Any CPU
		{A89912AB-D17D-4F0D-BBF7-51220C9B9628}.Debug|iPhoneSimulator.Deploy.0 = Debug|Any CPU
		{A89912AB-D17D-4F0D-BBF7-51220C9B9628}.Release|Any CPU.ActiveCfg = Release|Any CPU
		{A89912AB-D17D-4F0D-BBF7-51220C9B9628}.Release|Any CPU.Build.0 = Release|Any CPU
		{A89912AB-D17D-4F0D-BBF7-51220C9B9628}.Release|Any CPU.Deploy.0 = Release|Any CPU
		{A89912AB-D17D-4F0D-BBF7-51220C9B9628}.Release|iPhone.ActiveCfg = Release|Any CPU
		{A89912AB-D17D-4F0D-BBF7-51220C9B9628}.Release|iPhone.Build.0 = Release|Any CPU
		{A89912AB-D17D-4F0D-BBF7-51220C9B9628}.Release|iPhone.Deploy.0 = Release|Any CPU
		{A89912AB-D17D-4F0D-BBF7-51220C9B9628}.Release|iPhoneSimulator.ActiveCfg = Release|Any CPU
		{A89912AB-D17D-4F0D-BBF7-51220C9B9628}.Release|iPhoneSimulator.Build.0 = Release|Any CPU
		{A89912AB-D17D-4F0D-BBF7-51220C9B9628}.Release|iPhoneSimulator.Deploy.0 = Release|Any CPU
	EndGlobalSection
	GlobalSection(SolutionProperties) = preSolution
		HideSolutionNode = FALSE
	EndGlobalSection
	GlobalSection(ExtensibilityGlobals) = postSolution
		SolutionGuid = {F6BC729A-F8D7-477A-AE06-7768324654C8}
	EndGlobalSection
EndGlobal
